
Microsoft Visual Studio Solution File, Format Version 12.00
# Visual Studio Version 17
VisualStudioVersion = 17.4.33205.214
MinimumVisualStudioVersion = 10.0.40219.1
Project("{FAE04EC0-301F-11D3-BF4B-00C04F79EFBC}") = "DazzlingStore", "DazzlingStore\DazzlingStore.csproj", "{A36BB1CB-E867-4C97-8F97-2640F57A140B}"
EndProject
Global
	GlobalSection(SolutionConfigurationPlatforms) = preSolution
		Debug|Any CPU = Debug|Any CPU
		Release|Any CPU = Release|Any CPU
	EndGlobalSection
	GlobalSection(ProjectConfigurationPlatforms) = postSolution
		{A36BB1CB-E867-4C97-8F97-2640F57A140B}.Debug|Any CPU.ActiveCfg = Debug|Any CPU
		{A36BB1CB-E867-4C97-8F97-2640F57A140B}.Debug|Any CPU.Build.0 = Debug|Any CPU
		{A36BB1CB-E867-4C97-8F97-2640F57A140B}.Release|Any CPU.ActiveCfg = Release|Any CPU
		{A36BB1CB-E867-4C97-8F97-2640F57A140B}.Release|Any CPU.Build.0 = Release|Any CPU
	EndGlobalSection
	GlobalSection(SolutionProperties) = preSolution
		HideSolutionNode = FALSE
	EndGlobalSection
	GlobalSection(ExtensibilityGlobals) = postSolution
		SolutionGuid = {81F9CF0F-85C0-48AB-BEBC-FB695C4E1600}
	EndGlobalSection
EndGlobal
